# This file is generated by running "yarn install" inside your project.
# Manual changes might be lost - proceed with caution!

__metadata:
  version: 8
  cacheKey: 10

"react@npm:^19.0.0":
  version: 19.1.0
  resolution: "react@npm:19.1.0"
  checksum: 10/d0180689826fd9de87e839c365f6f361c561daea397d61d724687cae88f432a307d1c0f53a0ee95ddbe3352c10dac41d7ff1ad85530fb24951b27a39e5398db4
  languageName: node
  linkType: hard

"yarn-zero-install-with-registry-alias-bug@workspace:.":
  version: 0.0.0-use.local
  resolution: "yarn-zero-install-with-registry-alias-bug@workspace:."
  dependencies:
    react: "npm:^19.0.0"
  languageName: unknown
  linkType: soft
